
Microsoft Visual Studio Solution File, Format Version 12.00
# Visual Studio Version 17
VisualStudioVersion = 17.13.35825.156
MinimumVisualStudioVersion = 10.0.40219.1
Project("{FAE04EC0-301F-11D3-BF4B-00C04F79EFBC}") = "EsheChatService", "EsheChatService\EsheChatService.csproj", "{C79A6D71-881F-4FF2-8930-7C1774D00A31}"
EndProject
Project("{FAE04EC0-301F-11D3-BF4B-00C04F79EFBC}") = "EsheChatService.Tests", "EsheChatService.Tests\EsheChatService.Tests.csproj", "{E521524A-FFBB-4E72-919A-C293C27EB97D}"
EndProject
Global
	GlobalSection(SolutionConfigurationPlatforms) = preSolution
		Debug|Any CPU = Debug|Any CPU
		Release|Any CPU = Release|Any CPU
	EndGlobalSection
	GlobalSection(ProjectConfigurationPlatforms) = postSolution
		{C79A6D71-881F-4FF2-8930-7C1774D00A31}.Debug|Any CPU.ActiveCfg = Debug|Any CPU
		{C79A6D71-881F-4FF2-8930-7C1774D00A31}.Debug|Any CPU.Build.0 = Debug|Any CPU
		{C79A6D71-881F-4FF2-8930-7C1774D00A31}.Release|Any CPU.ActiveCfg = Release|Any CPU
		{C79A6D71-881F-4FF2-8930-7C1774D00A31}.Release|Any CPU.Build.0 = Release|Any CPU
		{E521524A-FFBB-4E72-919A-C293C27EB97D}.Debug|Any CPU.ActiveCfg = Debug|Any CPU
		{E521524A-FFBB-4E72-919A-C293C27EB97D}.Debug|Any CPU.Build.0 = Debug|Any CPU
		{E521524A-FFBB-4E72-919A-C293C27EB97D}.Release|Any CPU.ActiveCfg = Release|Any CPU
		{E521524A-FFBB-4E72-919A-C293C27EB97D}.Release|Any CPU.Build.0 = Release|Any CPU
	EndGlobalSection
	GlobalSection(SolutionProperties) = preSolution
		HideSolutionNode = FALSE
	EndGlobalSection
	GlobalSection(ExtensibilityGlobals) = postSolution
		SolutionGuid = {2EAA2A02-00FC-49F7-AB5F-D1588673F3FE}
	EndGlobalSection
EndGlobal
